
Microsoft Visual Studio Solution File, Format Version 12.00
# Visual Studio 15
VisualStudioVersion = 15.0.28010.2050
MinimumVisualStudioVersion = 10.0.40219.1
Project("{FAE04EC0-301F-11D3-BF4B-00C04F79EFBC}") = "Particpation Programming", "Particpation Programming\Particpation Programming.csproj", "{1FC1DECF-A431-4720-9A4F-45F8C91761F8}"
EndProject
Project("{FAE04EC0-301F-11D3-BF4B-00C04F79EFBC}") = "ArrayandListsExample", "ConsoleApp1\ArrayandListsExample.csproj", "{7F5F562A-674E-4DDB-8403-B6602B3D640B}"
EndProject
Project("{FAE04EC0-301F-11D3-BF4B-00C04F79EFBC}") = "FunctionsCalculator", "ConsoleApp2\FunctionsCalculator.csproj", "{C417AD64-9146-45FC-AECA-576CE5E49AF2}"
EndProject
Global
	GlobalSection(SolutionConfigurationPlatforms) = preSolution
		Debug|Any CPU = Debug|Any CPU
		Release|Any CPU = Release|Any CPU
	EndGlobalSection
	GlobalSection(ProjectConfigurationPlatforms) = postSolution
		{1FC1DECF-A431-4720-9A4F-45F8C91761F8}.Debug|Any CPU.ActiveCfg = Debug|Any CPU
		{1FC1DECF-A431-4720-9A4F-45F8C91761F8}.Debug|Any CPU.Build.0 = Debug|Any CPU
		{1FC1DECF-A431-4720-9A4F-45F8C91761F8}.Release|Any CPU.ActiveCfg = Release|Any CPU
		{1FC1DECF-A431-4720-9A4F-45F8C91761F8}.Release|Any CPU.Build.0 = Release|Any CPU
		{7F5F562A-674E-4DDB-8403-B6602B3D640B}.Debug|Any CPU.ActiveCfg = Debug|Any CPU
		{7F5F562A-674E-4DDB-8403-B6602B3D640B}.Debug|Any CPU.Build.0 = Debug|Any CPU
		{7F5F562A-674E-4DDB-8403-B6602B3D640B}.Release|Any CPU.ActiveCfg = Release|Any CPU
		{7F5F562A-674E-4DDB-8403-B6602B3D640B}.Release|Any CPU.Build.0 = Release|Any CPU
		{C417AD64-9146-45FC-AECA-576CE5E49AF2}.Debug|Any CPU.ActiveCfg = Debug|Any CPU
		{C417AD64-9146-45FC-AECA-576CE5E49AF2}.Debug|Any CPU.Build.0 = Debug|Any CPU
		{C417AD64-9146-45FC-AECA-576CE5E49AF2}.Release|Any CPU.ActiveCfg = Release|Any CPU
		{C417AD64-9146-45FC-AECA-576CE5E49AF2}.Release|Any CPU.Build.0 = Release|Any CPU
	EndGlobalSection
	GlobalSection(SolutionProperties) = preSolution
		HideSolutionNode = FALSE
	EndGlobalSection
	GlobalSection(ExtensibilityGlobals) = postSolution
		SolutionGuid = {666C7A93-1C3F-4023-B314-F09B6C46C321}
	EndGlobalSection
EndGlobal
