
Microsoft Visual Studio Solution File, Format Version 12.00
# Visual Studio 15
VisualStudioVersion = 15.0.27004.2010
MinimumVisualStudioVersion = 10.0.40219.1
Project("{FAE04EC0-301F-11D3-BF4B-00C04F79EFBC}") = "ParallelArrays1", "ConsoleApp3\ParallelArrays1.csproj", "{73494BD3-A552-41AF-8FE7-81673BB56188}"
EndProject
Project("{FAE04EC0-301F-11D3-BF4B-00C04F79EFBC}") = "GradeAvg2", "ConsoleApp1\GradeAvg2.csproj", "{37F3447C-7587-425E-AD97-7746B2AAE545}"
EndProject
Project("{FAE04EC0-301F-11D3-BF4B-00C04F79EFBC}") = "Dictionary3", "ConsoleApp2\Dictionary3.csproj", "{767C9D82-7560-4CE5-AF7F-09AD71EE8EC6}"
EndProject
Global
	GlobalSection(SolutionConfigurationPlatforms) = preSolution
		Debug|Any CPU = Debug|Any CPU
		Release|Any CPU = Release|Any CPU
	EndGlobalSection
	GlobalSection(ProjectConfigurationPlatforms) = postSolution
		{73494BD3-A552-41AF-8FE7-81673BB56188}.Debug|Any CPU.ActiveCfg = Debug|Any CPU
		{73494BD3-A552-41AF-8FE7-81673BB56188}.Debug|Any CPU.Build.0 = Debug|Any CPU
		{73494BD3-A552-41AF-8FE7-81673BB56188}.Release|Any CPU.ActiveCfg = Release|Any CPU
		{73494BD3-A552-41AF-8FE7-81673BB56188}.Release|Any CPU.Build.0 = Release|Any CPU
		{37F3447C-7587-425E-AD97-7746B2AAE545}.Debug|Any CPU.ActiveCfg = Debug|Any CPU
		{37F3447C-7587-425E-AD97-7746B2AAE545}.Debug|Any CPU.Build.0 = Debug|Any CPU
		{37F3447C-7587-425E-AD97-7746B2AAE545}.Release|Any CPU.ActiveCfg = Release|Any CPU
		{37F3447C-7587-425E-AD97-7746B2AAE545}.Release|Any CPU.Build.0 = Release|Any CPU
		{767C9D82-7560-4CE5-AF7F-09AD71EE8EC6}.Debug|Any CPU.ActiveCfg = Debug|Any CPU
		{767C9D82-7560-4CE5-AF7F-09AD71EE8EC6}.Debug|Any CPU.Build.0 = Debug|Any CPU
		{767C9D82-7560-4CE5-AF7F-09AD71EE8EC6}.Release|Any CPU.ActiveCfg = Release|Any CPU
		{767C9D82-7560-4CE5-AF7F-09AD71EE8EC6}.Release|Any CPU.Build.0 = Release|Any CPU
	EndGlobalSection
	GlobalSection(SolutionProperties) = preSolution
		HideSolutionNode = FALSE
	EndGlobalSection
	GlobalSection(ExtensibilityGlobals) = postSolution
		SolutionGuid = {32A12D3A-47DC-4997-AD70-C6116E488A1E}
	EndGlobalSection
EndGlobal
